{
  "version": "1.0.0",
  "lockfileVersion": 2,
  "workspaces": {
    "": {
      "name": "reviewos",
      "dependencies": {
        "@stacksjs/actions": "^0.72.29",
        "@stacksjs/api": "^0.72.29",
        "@stacksjs/buddy": "^0.72.31",
        "@stacksjs/bunpress": "^0.2.7",
        "@stacksjs/database": "^0.72.29",
        "@stacksjs/env": "^0.72.29",
        "@stacksjs/events": "^0.72.29",
        "@stacksjs/faker": "^0.72.29",
        "@stacksjs/orm": "^0.72.29",
        "@stacksjs/queue": "^0.72.29",
        "@stacksjs/search-engine": "^0.72.29",
        "@stacksjs/server": "^0.72.29",
        "@stacksjs/stx": "^0.2.192",
        "@stacksjs/ts-ssh": "^0.1.1",
        "buddy-bot": "^0.9.27",
        "bun-query-builder": "^0.2.30",
        "mermaid": "^11.16.1",
        "pickier": "^0.1.57",
        "stacks": "^0.72.29",
        "ts-git-lfs": "^0.1.2",
        "ts-images": "^0.2.12",
        "ts-pantry": "^0.11.31",
        "ts-syntax-highlighter": "^0.2.14"
      },
      "devDependencies": {
        "better-dx": "^0.2.22"
      }
    },
    "storage/framework": {
      "name": "stacks-framework",
      "version": "0.70.229"
    },
    "storage/framework/libs/functions": {
      "name": "hello-world-fx",
      "version": "0.70.229",
      "devDependencies": {
        "stacks": "^0.70.229"
      }
    }
  },
  "packages": {
    "@stacksjs/actions@0.72.30": {
      "name": "@stacksjs/actions",
      "version": "0.72.30",
      "source": "npm",
      "resolved": "https://registry.npmjs.org/@stacksjs/actions/-/actions-0.72.30.tgz",
      "integrity": "sha512-JAPYx/I4+QSfjnElOznhZYvJedOl7fiTWFQNc0ea0EjF4nxBbGth1tpSFFA2sX6mFSYowlokVsBfSnG26pluXQ==",
      "dependencies": {
        "@stacksjs/bumpx": "^0.2.6",
        "@stacksjs/bunpress": "^0.2.6",
        "@stacksjs/config": "0.72.30",
        "@stacksjs/logsmith": "^0.2.3",
        "@stacksjs/registry": "0.72.30",
        "@stacksjs/stx": "^0.2.184",
        "@stacksjs/ts-cloud": "^0.8.3",
        "@stacksjs/ts-md": "^0.1.1"
      },
      "peerDependencies": {
        "craft-native": ">=0.0.65",
        "pickier": "^0.1.35"
      },
      "optionalPeers": ["craft-native", "pickier"]
    },
    "@stacksjs/api@0.72.30": {
      "name": "@stacksjs/api",
      "version": "0.72.30",
      "source": "npm",
      "resolved": "https://registry.npmjs.org/@stacksjs/api/-/api-0.72.30.tgz",
      "integrity": "sha512-l9g96vOMmsbEgL733DTvQZfzPgtItB5GvvDLQzTVI71iK6PKqCdFT+3Bj6JJyqTunxH01AI+ZpU7vM4JaImO/w=="
    },
    "@stacksjs/buddy@0.72.31": {
      "name": "@stacksjs/buddy",
      "version": "0.72.31",
      "source": "npm",
      "resolved": "https://registry.npmjs.org/@stacksjs/buddy/-/buddy-0.72.31.tgz",
      "integrity": "sha512-ouXBCoAGdwujqX3XDaP2+SDsXyizxWkibPASZK8FmsVfHmJm73OZ9baiYg8aGr12tYyDoSsHDASnoIyH74j2VA==",
      "dependencies": {
        "@stacksjs/actions": "^0.72.30",
        "@stacksjs/ai": "^0.72.30",
        "@stacksjs/alias": "^0.72.30",
        "@stacksjs/arrays": "^0.72.30",
        "@stacksjs/auth": "^0.72.30",
        "@stacksjs/build": "^0.72.30",
        "@stacksjs/cache": "^0.72.30",
        "@stacksjs/chat": "^0.72.30",
        "@stacksjs/clapp": "^0.2.12",
        "@stacksjs/cli": "^0.72.30",
        "@stacksjs/cloud": "^0.72.30",
        "@stacksjs/cms": "^0.72.30",
        "@stacksjs/collections": "^0.72.30",
        "@stacksjs/config": "^0.72.30",
        "@stacksjs/database": "^0.72.30",
        "@stacksjs/desktop-build": "^0.72.30",
        "@stacksjs/dns": "^0.72.30",
        "@stacksjs/dnsx": "^0.2.3",
        "@stacksjs/email": "^0.72.30",
        "@stacksjs/enums": "^0.72.30",
        "@stacksjs/error-handling": "^0.72.30",
        "@stacksjs/events": "^0.72.30",
        "@stacksjs/git": "^0.72.30",
        "@stacksjs/gitit": "^0.2.5",
        "@stacksjs/health": "^0.72.30",
        "@stacksjs/httx": "^0.1.10",
        "@stacksjs/image": "^0.72.30",
        "@stacksjs/lint": "^0.72.30",
        "@stacksjs/logging": "^0.72.30",
        "@stacksjs/notifications": "^0.72.30",
        "@stacksjs/objects": "^0.72.30",
        "@stacksjs/orm": "^0.72.30",
        "@stacksjs/path": "^0.72.30",
        "@stacksjs/payments": "^0.72.30",
        "@stacksjs/realtime": "^0.72.30",
        "@stacksjs/router": "^0.72.30",
        "@stacksjs/rpx": "^0.11.42",
        "@stacksjs/search-engine": "^0.72.30",
        "@stacksjs/security": "^0.72.30",
        "@stacksjs/server": "^0.72.30",
        "@stacksjs/sites": "^0.72.30",
        "@stacksjs/skills": "^0.72.30",
        "@stacksjs/storage": "^0.72.30",
        "@stacksjs/strings": "^0.72.30",
        "@stacksjs/testing": "^0.72.30",
        "@stacksjs/ts-cloud": "^0.8.3",
        "@stacksjs/tunnel": "^0.72.30",
        "@stacksjs/types": "^0.72.30",
        "@stacksjs/ui": "^0.72.30",
        "@stacksjs/utils": "^0.72.30",
        "@stacksjs/validation": "^0.72.30",
        "ajv": "^8.20.0",
        "ajv-formats": "^3.0.1",
        "ts-pantry": "^0.11.29"
      },
      "bin": {
        "bud": "dist/cli.js",
        "buddy": "dist/cli.js",
        "stacks": "dist/cli.js"
      }
    },
    "@stacksjs/bunpress@0.2.7": {
      "name": "@stacksjs/bunpress",
      "version": "0.2.7",
      "source": "npm",
      "resolved": "https://registry.npmjs.org/@stacksjs/bunpress/-/bunpress-0.2.7.tgz",
      "integrity": "sha512-EuraiuUPIqtw1vf3dYMcEWoAqvxoWBME+vpLv0c4RD0PxzaNrn+X2o/5HHu+gWXeWbIy4MygHj3WRlW/sSuFzw==",
      "dependencies": {
        "@cwcss/crosswind": "^0.2.16",
        "@stacksjs/clapp": "^0.2.0",
        "@stacksjs/stx": "^0.2.171",
        "@stacksjs/ts-i18n": "^0.1.11",
        "bunfig": "^0.15.17",
        "ts-syntax-highlighter": "^0.2.14"
      },
      "peerDependencies": {
        "@stacksjs/ts-cloud": "^0.7.51"
      },
      "bin": {
        "bunpress": "./dist/bin/cli.js"
      },
      "optionalPeers": ["@stacksjs/ts-cloud"]
    },
    "@stacksjs/database@0.72.30": {
      "name": "@stacksjs/database",
      "version": "0.72.30",
      "source": "npm",
      "resolved": "https://registry.npmjs.org/@stacksjs/database/-/database-0.72.30.tgz",
      "integrity": "sha512-S+5Lzz2yKLlP2QBnZTvD0uUzM61OLlm2l95a+ZC8kh/IxEZ7UaysKQ1rL1ZRLATKwzXkKIrsTvAMEWqekJuW4w==",
      "dependencies": {
        "@stacksjs/ts-validation": "^0.5.4",
        "bun-query-builder": "^0.2.41",
        "dynamodb-tooling": "^0.3.2"
      }
    },
    "@stacksjs/env@0.72.30": {
      "name": "@stacksjs/env",
      "version": "0.72.30",
      "source": "npm",
      "resolved": "https://registry.npmjs.org/@stacksjs/env/-/env-0.72.30.tgz",
      "integrity": "sha512-kgkamStZVpY76esiKUuGO21Z/5S//OED1u6e49/m/mY8R8ZNynD6lh1mRSBs7L5/x4K1T5HMU04krunfXSzYQA==",
      "dependencies": {
        "@stacksjs/path": "0.72.30"
      }
    },
    "@stacksjs/events@0.72.30": {
      "name": "@stacksjs/events",
      "version": "0.72.30",
      "source": "npm",
      "resolved": "https://registry.npmjs.org/@stacksjs/events/-/events-0.72.30.tgz",
      "integrity": "sha512-i+rZs1e+kUKAdUfznz9I1hXTaX29BOneDAOxm9gwuRSdqmfypkE9cvi+aXTXrDmmynFSSFnkK0tkuvsoPoPJIg=="
    },
    "@stacksjs/faker@0.72.30": {
      "name": "@stacksjs/faker",
      "version": "0.72.30",
      "source": "npm",
      "resolved": "https://registry.npmjs.org/@stacksjs/faker/-/faker-0.72.30.tgz",
      "integrity": "sha512-P7yuQBSscjL/c4dncmquVACWQzeLw0UTduFuU9MoxtMQX4HanoA4pTlfG3wc2sfnAE4dBaGBXd+8vWLKLf9YIA=="
    },
    "@stacksjs/orm@0.72.30": {
      "name": "@stacksjs/orm",
      "version": "0.72.30",
      "source": "npm",
      "resolved": "https://registry.npmjs.org/@stacksjs/orm/-/orm-0.72.30.tgz",
      "integrity": "sha512-G4nopbj/AfFrVvpzMkSJ3zITYw3liRAd/M/cW+SxrIa+nej8D+8eLL/tBaw9uW79QUY4Pxhj/WYRtpehvhMT9A==",
      "dependencies": {
        "@stacksjs/ts-validation": "^0.5.4",
        "bun-query-builder": "^0.2.44"
      }
    },
    "@stacksjs/queue@0.72.30": {
      "name": "@stacksjs/queue",
      "version": "0.72.30",
      "source": "npm",
      "resolved": "https://registry.npmjs.org/@stacksjs/queue/-/queue-0.72.30.tgz",
      "integrity": "sha512-X7HhI0eYTFeqR59R2hS+LToY/crYOWuhx12NXpKXrqJxw3AYjmgE8mFTLfoSL89oc3CDhQRdMeXWouDsxAhRgQ==",
      "dependencies": {
        "@stacksjs/bun-queue": "^0.1.8"
      }
    },
    "@stacksjs/search-engine@0.72.30": {
      "name": "@stacksjs/search-engine",
      "version": "0.72.30",
      "source": "npm",
      "resolved": "https://registry.npmjs.org/@stacksjs/search-engine/-/search-engine-0.72.30.tgz",
      "integrity": "sha512-zbKnHJBDtq/m8ih1DO7cLOvFY++dQrDE4RZyNNNf3P/qotyraRxuYUzzieP9BiVfI0+uQzeIElsgIJOq2J7EfQ==",
      "peerDependencies": {
        "meilisearch": "^0.59.0"
      },
      "optionalPeers": ["meilisearch"]
    },
    "@stacksjs/server@0.72.30": {
      "name": "@stacksjs/server",
      "version": "0.72.30",
      "source": "npm",
      "resolved": "https://registry.npmjs.org/@stacksjs/server/-/server-0.72.30.tgz",
      "integrity": "sha512-yTXuHMjwRL92zwNWKdjPwnG9IbagHLPHy2yJ23Tfj6kX88mI6A3NY56G9koV8gAr+nLpW3wY8t+R8jKpZLwkEw==",
      "dependencies": {
        "bun-plugin-auto-imports": "^0.4.0"
      }
    },
    "@stacksjs/stx@0.2.192": {
      "name": "@stacksjs/stx",
      "version": "0.2.192",
      "source": "npm",
      "resolved": "https://registry.npmjs.org/@stacksjs/stx/-/stx-0.2.192.tgz",
      "integrity": "sha512-Q9kzy1r01ZFNHe3ySN8ztfjFIHpsFxY8ua61oDEmndTzWADHlibiIieS/YIdglSqsD7tUzsx9aSSaLur9H7Eog==",
      "dependencies": {
        "@cwcss/crosswind": "^0.2.14",
        "@stacksjs/clapp": "^0.2.0",
        "@stacksjs/desktop": "0.2.192",
        "@stacksjs/sanitizer": "0.2.192",
        "@stacksjs/ts-i18n": "^0.1.11",
        "bun-plugin-stx": "0.2.192",
        "bunfig": "^0.15.17",
        "stx-router": "0.2.192",
        "ts-broadcasting": "^0.0.9",
        "ts-images": "^0.2.11",
        "ts-syntax-highlighter": "^0.2.1"
      },
      "bin": {
        "stx": "./dist/cli.js"
      }
    },
    "@stacksjs/ts-ssh@0.1.1": {
      "name": "@stacksjs/ts-ssh",
      "version": "0.1.1",
      "source": "npm",
      "resolved": "https://registry.npmjs.org/@stacksjs/ts-ssh/-/ts-ssh-0.1.1.tgz",
      "integrity": "sha512-tDOBkL6Fli1PV8zp3JWq8lFybZGQCcah7zpR41yy7K7R1NjJ+hgx2yqslM7+E9L1V5+uCLngWBXZl6aS/qJkLA==",
      "bin": {
        "ts-ssh": "./dist/bin/cli.js"
      }
    },
    "better-dx@0.2.23": {
      "name": "better-dx",
      "version": "0.2.23",
      "source": "npm",
      "resolved": "https://registry.npmjs.org/better-dx/-/better-dx-0.2.23.tgz",
      "integrity": "sha512-MMxi0sR7WIhxWWgd4B0djoPg9rRR3f66qfLeeinbjknmLK0VmOkF4WFFNnAyQug9pvxrGpFL9i9YFMrDwP+h5Q==",
      "dependencies": {
        "@stacksjs/bumpx": "^0.2.14",
        "@stacksjs/bunpress": "^0.1.20",
        "@stacksjs/clapp": "^0.2.12",
        "@stacksjs/clarity": "^0.3.31",
        "@stacksjs/gitlint": "^0.1.7",
        "@stacksjs/logsmith": "^0.2.6",
        "@types/bun": "^1.3.14",
        "buddy-bot": "^0.10.3",
        "bun-git-hooks": "^0.3.2",
        "bun-plugin-dtsx": "^0.11.1",
        "bunfig": "^0.15.15",
        "pickier": "^0.1.40",
        "ts-error-handling": "^0.1.3",
        "typescript": "^7.0.2"
      }
    },
    "buddy-bot@0.9.27": {
      "name": "buddy-bot",
      "version": "0.9.27",
      "source": "npm",
      "resolved": "https://registry.npmjs.org/buddy-bot/-/buddy-bot-0.9.27.tgz",
      "integrity": "sha512-vog9xkkxix/n+6lJd6etL0mgla4goCyW4aTkPs1AsAk3j3EzH1J4mRPQWzPFCifUg5M9AnL0rXZJRo2vj8cOkw==",
      "dependencies": {
        "prompts": "^2.4.2",
        "ts-pantry": "^0.11.19"
      },
      "bin": {
        "buddy-bot": "./dist/bin/cli.js"
      }
    },
    "bun-query-builder@0.2.46": {
      "name": "bun-query-builder",
      "version": "0.2.46",
      "source": "npm",
      "resolved": "https://registry.npmjs.org/bun-query-builder/-/bun-query-builder-0.2.46.tgz",
      "integrity": "sha512-KBNP/S0+7SegT0qGMLDgdlZs3vGvZRI78ZOUi7csQKjHuQbmKG60BTKT8h1D2nSsTho0lJYEMpTjBLNevOdekA==",
      "dependencies": {
        "@stacksjs/clapp": "^0.2.12",
        "@stacksjs/ts-faker": "^0.1.8",
        "@stacksjs/ts-validation": "^0.5.2",
        "dynamodb-tooling": "^0.3.5"
      },
      "bin": {
        "qb": "./dist/bin/cli.js",
        "qbx": "./dist/bin/cli.js",
        "query-builder": "./dist/bin/cli.js"
      }
    },
    "curl.se/ca-certs@2026.3.19": {
      "name": "curl.se/ca-certs",
      "version": "2026.3.19",
      "source": "pantry"
    },
    "curl.se@8.17.0": {
      "name": "curl.se",
      "version": "8.17.0",
      "source": "pantry"
    },
    "facebook.com/zstd@1.5.7": {
      "name": "facebook.com/zstd",
      "version": "1.5.7",
      "source": "pantry"
    },
    "invisible-island.net/ncurses@6.6.0": {
      "name": "invisible-island.net/ncurses",
      "version": "6.6.0",
      "source": "pantry"
    },
    "kerberos.org@1.22.2": {
      "name": "kerberos.org",
      "version": "1.22.2",
      "source": "pantry"
    },
    "libevent.org@2.1.13": {
      "name": "libevent.org",
      "version": "2.1.13",
      "source": "pantry"
    },
    "lz4.org@1.10.0": {
      "name": "lz4.org",
      "version": "1.10.0",
      "source": "pantry"
    },
    "mermaid@11.16.1": {
      "name": "mermaid",
      "version": "11.16.1",
      "source": "npm",
      "resolved": "https://registry.npmjs.org/mermaid/-/mermaid-11.16.1.tgz",
      "integrity": "sha512-TQsq6u22fAn3rek5VOubrhKPo1g5hwC3FXUN9hiyupTckcYiGuuKGkNQrKYwGJkXUxZdojwRG46gsSCFZMDp4g==",
      "dependencies": {
        "@braintree/sanitize-url": "^7.1.2",
        "@iconify/utils": "^3.0.2",
        "@mermaid-js/parser": "^1.2.0",
        "@types/d3": "^7.4.3",
        "@upsetjs/venn.js": "^2.0.0",
        "cytoscape": "^3.33.3",
        "cytoscape-cose-bilkent": "^4.1.0",
        "cytoscape-fcose": "^2.2.0",
        "d3": "^7.9.0",
        "d3-sankey": "^0.12.3",
        "dagre-d3-es": "7.0.14",
        "dayjs": "^1.11.20",
        "dompurify": "^3.3.3",
        "es-toolkit": "^1.45.1",
        "katex": "^0.16.45",
        "khroma": "^2.1.0",
        "marked": "^16.3.0",
        "roughjs": "^4.6.6",
        "stylis": "^4.3.6",
        "ts-dedent": "^2.2.0",
        "uuid": "^11.1.0 || ^12 || ^13 || ^14.0.0"
      }
    },
    "nghttp2.org@1.68.1": {
      "name": "nghttp2.org",
      "version": "1.68.1",
      "source": "pantry"
    },
    "openssl.org@3.6.1": {
      "name": "openssl.org",
      "version": "3.6.1",
      "source": "pantry"
    },
    "pickier@0.1.58": {
      "name": "pickier",
      "version": "0.1.58",
      "source": "npm",
      "resolved": "https://registry.npmjs.org/pickier/-/pickier-0.1.58.tgz",
      "integrity": "sha512-75zO08WklAqrzVIf+oO8jr+gSk72CCY7CcWdvbUplV9eMu5MNqEpKQfxflGL92pN3yWaNU7YwuXeO9weu0WeDg==",
      "dependencies": {
        "@stacksjs/clapp": "^0.2.3",
        "@stacksjs/clarity": "^0.3.24"
      },
      "bin": {
        "pickier": "./dist/bin/cli.js"
      }
    },
    "stacks@0.72.30": {
      "name": "stacks",
      "version": "0.72.30",
      "source": "npm",
      "resolved": "https://registry.npmjs.org/stacks/-/stacks-0.72.30.tgz",
      "integrity": "sha512-wgUxkDi0DYhQGv8quJ+PJcU83baSDHBz/lauPqzNxXkAKy1n+luG9VmeMpcjHIEJIyrOqJ3FJUO86Sm0PGIVYQ==",
      "dependencies": {
        "@stacksjs/actions": "^0.72.30",
        "@stacksjs/ai": "^0.72.30",
        "@stacksjs/alias": "^0.72.30",
        "@stacksjs/analytics": "^0.72.30",
        "@stacksjs/api": "^0.72.30",
        "@stacksjs/arrays": "^0.72.30",
        "@stacksjs/audio": "^0.72.30",
        "@stacksjs/auth": "^0.72.30",
        "@stacksjs/browser": "^0.72.30",
        "@stacksjs/browser-extension": "^0.72.30",
        "@stacksjs/buddy": "^0.72.30",
        "@stacksjs/build": "^0.72.30",
        "@stacksjs/cache": "^0.72.30",
        "@stacksjs/calendar-api": "^0.72.30",
        "@stacksjs/charts": "^0.72.30",
        "@stacksjs/chat": "^0.72.30",
        "@stacksjs/cli": "^0.72.30",
        "@stacksjs/cloud": "^0.72.30",
        "@stacksjs/cms": "^0.72.30",
        "@stacksjs/collections": "^0.72.30",
        "@stacksjs/commerce": "^0.72.30",
        "@stacksjs/composables": "^0.72.30",
        "@stacksjs/config": "^0.72.30",
        "@stacksjs/cron": "^0.72.30",
        "@stacksjs/database": "^0.72.30",
        "@stacksjs/datetime": "^0.72.30",
        "@stacksjs/defaults": "^0.72.30",
        "@stacksjs/desktop": "^0.70.232",
        "@stacksjs/dns": "^0.72.30",
        "@stacksjs/docs": "^0.72.30",
        "@stacksjs/email": "^0.72.30",
        "@stacksjs/enums": "^0.72.30",
        "@stacksjs/env": "^0.72.30",
        "@stacksjs/error-handling": "^0.72.30",
        "@stacksjs/events": "^0.72.30",
        "@stacksjs/faker": "^0.72.30",
        "@stacksjs/feature-flags": "^0.72.30",
        "@stacksjs/git": "^0.72.30",
        "@stacksjs/github": "^0.72.30",
        "@stacksjs/health": "^0.72.30",
        "@stacksjs/http": "^0.72.30",
        "@stacksjs/i18n": "^0.72.30",
        "@stacksjs/image": "^0.72.30",
        "@stacksjs/lint": "^0.72.30",
        "@stacksjs/logging": "^0.72.30",
        "@stacksjs/mobile": "^0.72.30",
        "@stacksjs/newsletter": "^0.72.30",
        "@stacksjs/notifications": "^0.72.30",
        "@stacksjs/objects": "^0.72.30",
        "@stacksjs/orm": "^0.72.30",
        "@stacksjs/path": "^0.72.30",
        "@stacksjs/payments": "^0.72.30",
        "@stacksjs/push": "^0.72.30",
        "@stacksjs/query-builder": "^0.72.30",
        "@stacksjs/queue": "^0.72.30",
        "@stacksjs/realtime": "^0.72.30",
        "@stacksjs/registry": "^0.72.30",
        "@stacksjs/repl": "^0.72.30",
        "@stacksjs/router": "^0.72.30",
        "@stacksjs/scheduler": "^0.72.30",
        "@stacksjs/search-engine": "^0.72.30",
        "@stacksjs/security": "^0.72.30",
        "@stacksjs/server": "^0.72.30",
        "@stacksjs/shell": "^0.72.30",
        "@stacksjs/skills": "^0.72.30",
        "@stacksjs/slug": "^0.72.30",
        "@stacksjs/sms": "^0.72.30",
        "@stacksjs/socials": "^0.72.30",
        "@stacksjs/storage": "^0.72.30",
        "@stacksjs/strings": "^0.72.30",
        "@stacksjs/testing": "^0.72.30",
        "@stacksjs/tinker": "^0.72.30",
        "@stacksjs/tlsx": "^0.13.0",
        "@stacksjs/ts-cloud": "^0.8.3",
        "@stacksjs/tunnel": "^0.72.30",
        "@stacksjs/types": "^0.72.30",
        "@stacksjs/ui": "^0.72.30",
        "@stacksjs/utils": "^0.72.30",
        "@stacksjs/validation": "^0.72.30",
        "@stacksjs/video": "^0.72.30",
        "@stacksjs/whois": "^0.72.30",
        "better-dx": "^0.2.23",
        "bun-query-builder": "^0.2.41"
      }
    },
    "thrysoee.dk/editline@3.1.0": {
      "name": "thrysoee.dk/editline",
      "version": "3.1.0",
      "source": "pantry"
    },
    "ts-git-lfs@0.1.2": {
      "name": "ts-git-lfs",
      "version": "0.1.2",
      "source": "npm",
      "resolved": "https://registry.npmjs.org/ts-git-lfs/-/ts-git-lfs-0.1.2.tgz",
      "integrity": "sha512-FC6o2EE/0WL1yYK73+HuKoiuWNkKgskyo/FY/4oUqwqEdprd6KFGelsLOD74eKTky6FIsqMvDde13Tx6IIBAdQ==",
      "bin": {
        "git-lfs-server": "./dist/bin/cli.js"
      }
    },
    "ts-images@0.2.12": {
      "name": "ts-images",
      "version": "0.2.12",
      "source": "npm",
      "resolved": "https://registry.npmjs.org/ts-images/-/ts-images-0.2.12.tgz",
      "integrity": "sha512-HdwJocQhIql9HI53Nl0pOLndYAkrlwxSxxUqU1WX/VITf0nrPNxQGzRH1dKy80hmqGQmSvPqX0O3UagNSSBQjw==",
      "dependencies": {
        "@stacksjs/ts-avif": "^0.1.0",
        "@stacksjs/ts-bmp": "^0.1.0",
        "@stacksjs/ts-png": "^0.1.2",
        "@stacksjs/ts-svg": "^0.1.1",
        "@stacksjs/ts-webp": "^0.1.2",
        "ts-gif": "^0.1.2",
        "ts-jpeg": "^0.3.1"
      },
      "bin": {
        "imgx": "./dist/bin/cli.js"
      }
    },
    "ts-pantry@0.11.31": {
      "name": "ts-pantry",
      "version": "0.11.31",
      "source": "npm",
      "resolved": "https://registry.npmjs.org/ts-pantry/-/ts-pantry-0.11.31.tgz",
      "integrity": "sha512-DEEZ2LkKNAZMoUUUmhzjBJmhhmEjBKByCzOrXliHnMMbWCMyQ6CrYJFwJVnRH9f82VEP/+a8UJt4+uDYim9uCQ==",
      "dependencies": {
        "@stacksjs/ts-cloud": "^0.7.26",
        "bunfig": "^0.15.6",
        "tar-stream": "^3.2.0",
        "ts-web-scraper": "^0.1.1"
      },
      "bin": {
        "ts-pantry": "./dist/bin/cli.js"
      }
    },
    "ts-syntax-highlighter@0.2.14": {
      "name": "ts-syntax-highlighter",
      "version": "0.2.14",
      "source": "npm",
      "resolved": "https://registry.npmjs.org/ts-syntax-highlighter/-/ts-syntax-highlighter-0.2.14.tgz",
      "integrity": "sha512-xujx4yJ4Rlhwdstopq6KVYs78K5nSfkpUk/GRK/InwmnJ/SN+E+hUSuSvQZz922xlXYe1SFBtzXxQXbpRt46fw==",
      "bin": {
        "ts-syntax-highlighter": "./dist/bin/cli.js"
      }
    },
    "tukaani.org/xz@5.8.2": {
      "name": "tukaani.org/xz",
      "version": "5.8.2",
      "source": "pantry"
    },
    "zlib.net@1.3.2": {
      "name": "zlib.net",
      "version": "1.3.2",
      "source": "pantry"
    }
  }
}
