{
  "version": "1.0.0",
  "lockfileVersion": 2,
  "workspaces": {
    "": {
      "name": "reviewos",
      "dependencies": {
        "@stacksjs/actions": "^0.72.32",
        "@stacksjs/api": "^0.72.32",
        "@stacksjs/buddy": "^0.72.32",
        "@stacksjs/bunpress": "^0.2.8",
        "@stacksjs/database": "^0.72.32",
        "@stacksjs/docs": "^0.72.32",
        "@stacksjs/env": "^0.72.32",
        "@stacksjs/events": "^0.72.32",
        "@stacksjs/faker": "^0.72.32",
        "@stacksjs/orm": "^0.72.32",
        "@stacksjs/queue": "^0.72.32",
        "@stacksjs/search-engine": "^0.72.32",
        "@stacksjs/server": "^0.72.32",
        "@stacksjs/stx": "^0.2.193",
        "@stacksjs/ts-ssh": "^0.1.1",
        "buddy-bot": "^0.9.27",
        "bun-query-builder": "^0.2.50",
        "mermaid": "^11.16.1",
        "pickier": "^0.1.57",
        "stacks": "^0.72.32",
        "ts-git-lfs": "^0.1.2",
        "ts-images": "^0.2.12",
        "ts-pantry": "^0.11.32",
        "ts-syntax-highlighter": "^0.2.14"
      },
      "devDependencies": {
        "@stacksjs/image": "^0.72.32",
        "better-dx": "^0.2.22"
      }
    },
    "storage/framework": {
      "name": "stacks-framework",
      "version": "0.70.229"
    },
    "storage/framework/libs/functions": {
      "name": "hello-world-fx",
      "version": "0.70.229",
      "devDependencies": {
        "stacks": "^0.70.229"
      }
    }
  },
  "packages": {
    "@stacksjs/actions@0.72.32": {
      "name": "@stacksjs/actions",
      "version": "0.72.32",
      "source": "npm",
      "resolved": "https://registry.npmjs.org/@stacksjs/actions/-/actions-0.72.32.tgz",
      "integrity": "sha512-moEAZ7T0uoSydxYHtfTbPiYBJJZY+csqeofj56cwHVxRciZGRNoBwxw2bHwK4WHrQFX3ODgtpLnbcm23fgHiwA==",
      "dependencies": {
        "@stacksjs/bumpx": "^0.2.6",
        "@stacksjs/bunpress": "^0.2.6",
        "@stacksjs/config": "0.72.32",
        "@stacksjs/logsmith": "^0.2.3",
        "@stacksjs/registry": "0.72.32",
        "@stacksjs/stx": "^0.2.184",
        "@stacksjs/ts-cloud": "^0.8.3",
        "@stacksjs/ts-md": "^0.1.1"
      },
      "peerDependencies": {
        "craft-native": ">=0.0.65",
        "pickier": "^0.1.35"
      },
      "optionalPeers": ["craft-native", "pickier"]
    },
    "@stacksjs/api@0.72.32": {
      "name": "@stacksjs/api",
      "version": "0.72.32",
      "source": "npm",
      "resolved": "https://registry.npmjs.org/@stacksjs/api/-/api-0.72.32.tgz",
      "integrity": "sha512-fKQRb8IA6U2hJUyycQOhm+O9USfqRlxrNUY6LBT50LkzQNvSG7Q/lop+iF3NSX/1Dn5WNevqMfFsYxbQb2/qeA=="
    },
    "@stacksjs/buddy@0.72.32": {
      "name": "@stacksjs/buddy",
      "version": "0.72.32",
      "source": "npm",
      "resolved": "https://registry.npmjs.org/@stacksjs/buddy/-/buddy-0.72.32.tgz",
      "integrity": "sha512-uihCuxr4EWxIKcF/SUauF5hLB6io+xqhwnWWw23OFbthHAaccqb0QKBW3/VYSpkl7LGxl+ohYF084eiMbsyN0A==",
      "dependencies": {
        "@stacksjs/actions": "^0.72.32",
        "@stacksjs/ai": "^0.72.32",
        "@stacksjs/alias": "^0.72.32",
        "@stacksjs/arrays": "^0.72.32",
        "@stacksjs/auth": "^0.72.32",
        "@stacksjs/build": "^0.72.32",
        "@stacksjs/cache": "^0.72.32",
        "@stacksjs/chat": "^0.72.32",
        "@stacksjs/clapp": "^0.2.12",
        "@stacksjs/cli": "^0.72.32",
        "@stacksjs/cloud": "^0.72.32",
        "@stacksjs/cms": "^0.72.32",
        "@stacksjs/collections": "^0.72.32",
        "@stacksjs/config": "^0.72.32",
        "@stacksjs/database": "^0.72.32",
        "@stacksjs/desktop-build": "^0.72.32",
        "@stacksjs/dns": "^0.72.32",
        "@stacksjs/dnsx": "^0.2.3",
        "@stacksjs/email": "^0.72.32",
        "@stacksjs/enums": "^0.72.32",
        "@stacksjs/error-handling": "^0.72.32",
        "@stacksjs/events": "^0.72.32",
        "@stacksjs/git": "^0.72.32",
        "@stacksjs/gitit": "^0.2.5",
        "@stacksjs/health": "^0.72.32",
        "@stacksjs/httx": "^0.1.10",
        "@stacksjs/image": "^0.72.32",
        "@stacksjs/lint": "^0.72.32",
        "@stacksjs/logging": "^0.72.32",
        "@stacksjs/notifications": "^0.72.32",
        "@stacksjs/objects": "^0.72.32",
        "@stacksjs/orm": "^0.72.32",
        "@stacksjs/path": "^0.72.32",
        "@stacksjs/payments": "^0.72.32",
        "@stacksjs/realtime": "^0.72.32",
        "@stacksjs/router": "^0.72.32",
        "@stacksjs/rpx": "^0.11.42",
        "@stacksjs/search-engine": "^0.72.32",
        "@stacksjs/security": "^0.72.32",
        "@stacksjs/server": "^0.72.32",
        "@stacksjs/sites": "^0.72.32",
        "@stacksjs/skills": "^0.72.32",
        "@stacksjs/storage": "^0.72.32",
        "@stacksjs/strings": "^0.72.32",
        "@stacksjs/testing": "^0.72.32",
        "@stacksjs/ts-cloud": "^0.8.3",
        "@stacksjs/tunnel": "^0.72.32",
        "@stacksjs/types": "^0.72.32",
        "@stacksjs/ui": "^0.72.32",
        "@stacksjs/utils": "^0.72.32",
        "@stacksjs/validation": "^0.72.32",
        "ajv": "^8.20.0",
        "ajv-formats": "^3.0.1",
        "ts-pantry": "^0.11.29"
      },
      "bin": {
        "bud": "dist/cli.js",
        "buddy": "dist/cli.js",
        "stacks": "dist/cli.js"
      }
    },
    "@stacksjs/bunpress@0.2.8": {
      "name": "@stacksjs/bunpress",
      "version": "0.2.8",
      "source": "npm",
      "resolved": "https://registry.npmjs.org/@stacksjs/bunpress/-/bunpress-0.2.8.tgz",
      "integrity": "sha512-QE/6X2o96IJhlJVLWbXA//m33vt6jtcbURDfJ8aVYOrLWiz2jUJa+l20VxJ5vTm3SrYnaybsKHpn5ULFbH+X1Q==",
      "dependencies": {
        "@cwcss/crosswind": "^0.2.16",
        "@stacksjs/clapp": "^0.2.0",
        "@stacksjs/stx": "^0.2.171",
        "@stacksjs/ts-i18n": "^0.1.11",
        "bunfig": "^0.15.17",
        "ts-syntax-highlighter": "^0.2.14"
      },
      "peerDependencies": {
        "@stacksjs/ts-cloud": "^0.7.51"
      },
      "bin": {
        "bunpress": "./dist/bin/cli.js"
      },
      "optionalPeers": ["@stacksjs/ts-cloud"]
    },
    "@stacksjs/database@0.72.34": {
      "name": "@stacksjs/database",
      "version": "0.72.34",
      "source": "npm"
    },
    "@stacksjs/docs@0.72.32": {
      "name": "@stacksjs/docs",
      "version": "0.72.32",
      "source": "npm",
      "resolved": "https://registry.npmjs.org/@stacksjs/docs/-/docs-0.72.32.tgz",
      "integrity": "sha512-V+6wfA/dlTpwbm2wJOmL36XPLDgCByiYwE1LYtQO+t8mxY0og++qUuihbSQz+TrfDtWkODhcOf0M5Su6LtqcPw==",
      "dependencies": {
        "@stacksjs/bunpress": "^0.2.6"
      }
    },
    "@stacksjs/env@0.72.32": {
      "name": "@stacksjs/env",
      "version": "0.72.32",
      "source": "npm",
      "resolved": "https://registry.npmjs.org/@stacksjs/env/-/env-0.72.32.tgz",
      "integrity": "sha512-g0AzuZG9vzSga/rXw2nxGY0ZEtr8hzxn2/Etr87Pd47yCaROPo9DxJO86JQ3nJp++KkSXSR2jU4X9BMnyzRVeA==",
      "dependencies": {
        "@stacksjs/path": "0.72.32"
      }
    },
    "@stacksjs/events@0.72.32": {
      "name": "@stacksjs/events",
      "version": "0.72.32",
      "source": "npm",
      "resolved": "https://registry.npmjs.org/@stacksjs/events/-/events-0.72.32.tgz",
      "integrity": "sha512-L801LBzpz8bwy0GwpN9mBGmo028yZip0UeSprwbomQDHRpsavFolEV3JtIWWptl6m2k4Dx900uhMM7B5tfoGdw=="
    },
    "@stacksjs/faker@0.72.32": {
      "name": "@stacksjs/faker",
      "version": "0.72.32",
      "source": "npm",
      "resolved": "https://registry.npmjs.org/@stacksjs/faker/-/faker-0.72.32.tgz",
      "integrity": "sha512-2BTUP+pDBb/28PbdHEojXSQL/Qa8wnZTav+WVKZZyQtmsepXsIYtGspeSlRHvgNiTghqf2DFuHc5HvvcxiNzwg=="
    },
    "@stacksjs/image@0.72.32": {
      "name": "@stacksjs/image",
      "version": "0.72.32",
      "source": "npm",
      "resolved": "https://registry.npmjs.org/@stacksjs/image/-/image-0.72.32.tgz",
      "integrity": "sha512-epNrakQrnv6ItaVm0niPdwdcMOL3OntyGNvuCAU4cvqJo7X/eu/bH6u9lQCcYHzC2sirXB/U6B0EIL2TWX6+pA==",
      "dependencies": {
        "@stacksjs/types": "0.72.32",
        "ts-images": "^0.2.11"
      }
    },
    "@stacksjs/orm@0.72.32": {
      "name": "@stacksjs/orm",
      "version": "0.72.32",
      "source": "npm",
      "resolved": "https://registry.npmjs.org/@stacksjs/orm/-/orm-0.72.32.tgz",
      "integrity": "sha512-lPXbbBR5L8fXK7BoGr2FGkAsb6hqyNx6rV5QlXpsVqH1u0Tyj81zJBi/eEpVU1bQYKaYff4HlTIUB9rWTUtvKg==",
      "dependencies": {
        "@stacksjs/ts-validation": "^0.5.4",
        "bun-query-builder": "^0.2.44"
      }
    },
    "@stacksjs/queue@0.72.32": {
      "name": "@stacksjs/queue",
      "version": "0.72.32",
      "source": "npm",
      "resolved": "https://registry.npmjs.org/@stacksjs/queue/-/queue-0.72.32.tgz",
      "integrity": "sha512-JSuoKwdLPaNn58ysLMao6ptrOuuX/AYcp2Dogtjgirxswmr6b6XEFmfH4jBTna2Yd81ZpoBjNUgocw6ku9ldtw==",
      "dependencies": {
        "@stacksjs/bun-queue": "^0.1.8"
      }
    },
    "@stacksjs/search-engine@0.72.32": {
      "name": "@stacksjs/search-engine",
      "version": "0.72.32",
      "source": "npm",
      "resolved": "https://registry.npmjs.org/@stacksjs/search-engine/-/search-engine-0.72.32.tgz",
      "integrity": "sha512-n5YKtZLKHsQA60I+pmA+O6q3DLY6UNt8xmE+3Ifai6duKsEBhfaUCv7L0J4KCeEonJluiGYInFh07RkvI9n2Vw==",
      "peerDependencies": {
        "meilisearch": "^0.59.0"
      },
      "optionalPeers": ["meilisearch"]
    },
    "@stacksjs/server@0.72.32": {
      "name": "@stacksjs/server",
      "version": "0.72.32",
      "source": "npm",
      "resolved": "https://registry.npmjs.org/@stacksjs/server/-/server-0.72.32.tgz",
      "integrity": "sha512-oRzqkYt56AertHC81KIFciu+/TdI2DnHFe5VvaTTNS0j94BW4CoVV9oOBAhR+SnzMpayXKSfBncDVlqF2iWWGA==",
      "dependencies": {
        "bun-plugin-auto-imports": "^0.4.0"
      }
    },
    "@stacksjs/stx@0.2.196": {
      "name": "@stacksjs/stx",
      "version": "0.2.196",
      "source": "npm",
      "resolved": "https://registry.npmjs.org/@stacksjs/stx/-/stx-0.2.196.tgz",
      "integrity": "sha512-uFwdB67raZv7nsBt2HWCzov/Sq7w2MwBjVy1EHQnAwU85vVZVCeOoscdao4DnhbV7fQOE6d18RQr0u5gb5wnTw==",
      "dependencies": {
        "@cwcss/crosswind": "^0.2.14",
        "@stacksjs/clapp": "^0.2.0",
        "@stacksjs/desktop": "0.2.196",
        "@stacksjs/sanitizer": "0.2.196",
        "@stacksjs/ts-i18n": "^0.1.11",
        "bun-plugin-stx": "0.2.196",
        "bunfig": "^0.15.17",
        "stx-router": "0.2.196",
        "ts-broadcasting": "^0.0.9",
        "ts-images": "^0.2.11",
        "ts-syntax-highlighter": "^0.2.1"
      },
      "bin": {
        "stx": "./dist/cli.js"
      }
    },
    "@stacksjs/ts-ssh@0.1.1": {
      "name": "@stacksjs/ts-ssh",
      "version": "0.1.1",
      "source": "npm",
      "resolved": "https://registry.npmjs.org/@stacksjs/ts-ssh/-/ts-ssh-0.1.1.tgz",
      "integrity": "sha512-tDOBkL6Fli1PV8zp3JWq8lFybZGQCcah7zpR41yy7K7R1NjJ+hgx2yqslM7+E9L1V5+uCLngWBXZl6aS/qJkLA==",
      "bin": {
        "ts-ssh": "./dist/bin/cli.js"
      }
    },
    "better-dx@0.2.23": {
      "name": "better-dx",
      "version": "0.2.23",
      "source": "npm",
      "resolved": "https://registry.npmjs.org/better-dx/-/better-dx-0.2.23.tgz",
      "integrity": "sha512-MMxi0sR7WIhxWWgd4B0djoPg9rRR3f66qfLeeinbjknmLK0VmOkF4WFFNnAyQug9pvxrGpFL9i9YFMrDwP+h5Q==",
      "dependencies": {
        "@stacksjs/bumpx": "^0.2.14",
        "@stacksjs/bunpress": "^0.1.20",
        "@stacksjs/clapp": "^0.2.12",
        "@stacksjs/clarity": "^0.3.31",
        "@stacksjs/gitlint": "^0.1.7",
        "@stacksjs/logsmith": "^0.2.6",
        "@types/bun": "^1.3.14",
        "buddy-bot": "^0.10.3",
        "bun-git-hooks": "^0.3.2",
        "bun-plugin-dtsx": "^0.11.1",
        "bunfig": "^0.15.15",
        "pickier": "^0.1.40",
        "ts-error-handling": "^0.1.3",
        "typescript": "^7.0.2"
      }
    },
    "buddy-bot@0.9.27": {
      "name": "buddy-bot",
      "version": "0.9.27",
      "source": "npm",
      "resolved": "https://registry.npmjs.org/buddy-bot/-/buddy-bot-0.9.27.tgz",
      "integrity": "sha512-vog9xkkxix/n+6lJd6etL0mgla4goCyW4aTkPs1AsAk3j3EzH1J4mRPQWzPFCifUg5M9AnL0rXZJRo2vj8cOkw==",
      "dependencies": {
        "prompts": "^2.4.2",
        "ts-pantry": "^0.11.19"
      },
      "bin": {
        "buddy-bot": "./dist/bin/cli.js"
      }
    },
    "bun-query-builder@0.2.51": {
      "name": "bun-query-builder",
      "version": "0.2.51",
      "source": "npm",
      "resolved": "https://registry.npmjs.org/bun-query-builder/-/bun-query-builder-0.2.51.tgz",
      "integrity": "sha512-CW7NZxtYduYVrG1FcO/ap4ZJgmM3oMKQqoUMVmgdr5120mNfG+h3FdW2tbEMtOm1FR6In1nrt0GEkiLiL0RvFw==",
      "dependencies": {
        "@stacksjs/clapp": "^0.2.12",
        "@stacksjs/ts-faker": "^0.1.8",
        "@stacksjs/ts-validation": "^0.5.2",
        "dynamodb-tooling": "^0.3.5"
      },
      "bin": {
        "qb": "./dist/bin/cli.js",
        "qbx": "./dist/bin/cli.js",
        "query-builder": "./dist/bin/cli.js"
      }
    },
    "mermaid@11.16.1": {
      "name": "mermaid",
      "version": "11.16.1",
      "source": "npm",
      "resolved": "https://registry.npmjs.org/mermaid/-/mermaid-11.16.1.tgz",
      "integrity": "sha512-TQsq6u22fAn3rek5VOubrhKPo1g5hwC3FXUN9hiyupTckcYiGuuKGkNQrKYwGJkXUxZdojwRG46gsSCFZMDp4g==",
      "dependencies": {
        "@braintree/sanitize-url": "^7.1.2",
        "@iconify/utils": "^3.0.2",
        "@mermaid-js/parser": "^1.2.0",
        "@types/d3": "^7.4.3",
        "@upsetjs/venn.js": "^2.0.0",
        "cytoscape": "^3.33.3",
        "cytoscape-cose-bilkent": "^4.1.0",
        "cytoscape-fcose": "^2.2.0",
        "d3": "^7.9.0",
        "d3-sankey": "^0.12.3",
        "dagre-d3-es": "7.0.14",
        "dayjs": "^1.11.20",
        "dompurify": "^3.3.3",
        "es-toolkit": "^1.45.1",
        "katex": "^0.16.45",
        "khroma": "^2.1.0",
        "marked": "^16.3.0",
        "roughjs": "^4.6.6",
        "stylis": "^4.3.6",
        "ts-dedent": "^2.2.0",
        "uuid": "^11.1.0 || ^12 || ^13 || ^14.0.0"
      }
    },
    "pickier@0.1.58": {
      "name": "pickier",
      "version": "0.1.58",
      "source": "npm",
      "resolved": "https://registry.npmjs.org/pickier/-/pickier-0.1.58.tgz",
      "integrity": "sha512-75zO08WklAqrzVIf+oO8jr+gSk72CCY7CcWdvbUplV9eMu5MNqEpKQfxflGL92pN3yWaNU7YwuXeO9weu0WeDg==",
      "dependencies": {
        "@stacksjs/clapp": "^0.2.3",
        "@stacksjs/clarity": "^0.3.24"
      },
      "bin": {
        "pickier": "./dist/bin/cli.js"
      }
    },
    "stacks@0.72.32": {
      "name": "stacks",
      "version": "0.72.32",
      "source": "npm",
      "resolved": "https://registry.npmjs.org/stacks/-/stacks-0.72.32.tgz",
      "integrity": "sha512-liuHAMH5cKgAdiJ3HfZ+gEjOEfwbVjR2R4+4QMbf7slqzyCuMdCOCV0uY63iWoe+xGmcYTva27IwKhZC1YnWjw==",
      "dependencies": {
        "@stacksjs/actions": "^0.72.32",
        "@stacksjs/ai": "^0.72.32",
        "@stacksjs/alias": "^0.72.32",
        "@stacksjs/analytics": "^0.72.32",
        "@stacksjs/api": "^0.72.32",
        "@stacksjs/arrays": "^0.72.32",
        "@stacksjs/audio": "^0.72.32",
        "@stacksjs/auth": "^0.72.32",
        "@stacksjs/browser": "^0.72.32",
        "@stacksjs/browser-extension": "^0.72.32",
        "@stacksjs/buddy": "^0.72.32",
        "@stacksjs/build": "^0.72.32",
        "@stacksjs/cache": "^0.72.32",
        "@stacksjs/calendar-api": "^0.72.32",
        "@stacksjs/charts": "^0.72.32",
        "@stacksjs/chat": "^0.72.32",
        "@stacksjs/cli": "^0.72.32",
        "@stacksjs/cloud": "^0.72.32",
        "@stacksjs/cms": "^0.72.32",
        "@stacksjs/collections": "^0.72.32",
        "@stacksjs/commerce": "^0.72.32",
        "@stacksjs/composables": "^0.72.32",
        "@stacksjs/config": "^0.72.32",
        "@stacksjs/cron": "^0.72.32",
        "@stacksjs/database": "^0.72.32",
        "@stacksjs/datetime": "^0.72.32",
        "@stacksjs/defaults": "^0.72.32",
        "@stacksjs/desktop": "^0.70.232",
        "@stacksjs/dns": "^0.72.32",
        "@stacksjs/docs": "^0.72.32",
        "@stacksjs/email": "^0.72.32",
        "@stacksjs/enums": "^0.72.32",
        "@stacksjs/env": "^0.72.32",
        "@stacksjs/error-handling": "^0.72.32",
        "@stacksjs/events": "^0.72.32",
        "@stacksjs/faker": "^0.72.32",
        "@stacksjs/feature-flags": "^0.72.32",
        "@stacksjs/git": "^0.72.32",
        "@stacksjs/github": "^0.72.32",
        "@stacksjs/health": "^0.72.32",
        "@stacksjs/http": "^0.72.32",
        "@stacksjs/i18n": "^0.72.32",
        "@stacksjs/image": "^0.72.32",
        "@stacksjs/lint": "^0.72.32",
        "@stacksjs/logging": "^0.72.32",
        "@stacksjs/mobile": "^0.72.32",
        "@stacksjs/newsletter": "^0.72.32",
        "@stacksjs/notifications": "^0.72.32",
        "@stacksjs/objects": "^0.72.32",
        "@stacksjs/orm": "^0.72.32",
        "@stacksjs/path": "^0.72.32",
        "@stacksjs/payments": "^0.72.32",
        "@stacksjs/push": "^0.72.32",
        "@stacksjs/query-builder": "^0.72.32",
        "@stacksjs/queue": "^0.72.32",
        "@stacksjs/realtime": "^0.72.32",
        "@stacksjs/registry": "^0.72.32",
        "@stacksjs/repl": "^0.72.32",
        "@stacksjs/router": "^0.72.32",
        "@stacksjs/scheduler": "^0.72.32",
        "@stacksjs/search-engine": "^0.72.32",
        "@stacksjs/security": "^0.72.32",
        "@stacksjs/server": "^0.72.32",
        "@stacksjs/shell": "^0.72.32",
        "@stacksjs/skills": "^0.72.32",
        "@stacksjs/slug": "^0.72.32",
        "@stacksjs/sms": "^0.72.32",
        "@stacksjs/socials": "^0.72.32",
        "@stacksjs/storage": "^0.72.32",
        "@stacksjs/strings": "^0.72.32",
        "@stacksjs/testing": "^0.72.32",
        "@stacksjs/tinker": "^0.72.32",
        "@stacksjs/tlsx": "^0.13.0",
        "@stacksjs/ts-cloud": "^0.8.3",
        "@stacksjs/tunnel": "^0.72.32",
        "@stacksjs/types": "^0.72.32",
        "@stacksjs/ui": "^0.72.32",
        "@stacksjs/utils": "^0.72.32",
        "@stacksjs/validation": "^0.72.32",
        "@stacksjs/video": "^0.72.32",
        "@stacksjs/whois": "^0.72.32",
        "better-dx": "^0.2.23",
        "bun-query-builder": "^0.2.41"
      }
    },
    "ts-git-lfs@0.1.2": {
      "name": "ts-git-lfs",
      "version": "0.1.2",
      "source": "npm",
      "resolved": "https://registry.npmjs.org/ts-git-lfs/-/ts-git-lfs-0.1.2.tgz",
      "integrity": "sha512-FC6o2EE/0WL1yYK73+HuKoiuWNkKgskyo/FY/4oUqwqEdprd6KFGelsLOD74eKTky6FIsqMvDde13Tx6IIBAdQ==",
      "bin": {
        "git-lfs-server": "./dist/bin/cli.js"
      }
    },
    "ts-images@0.2.12": {
      "name": "ts-images",
      "version": "0.2.12",
      "source": "npm",
      "resolved": "https://registry.npmjs.org/ts-images/-/ts-images-0.2.12.tgz",
      "integrity": "sha512-HdwJocQhIql9HI53Nl0pOLndYAkrlwxSxxUqU1WX/VITf0nrPNxQGzRH1dKy80hmqGQmSvPqX0O3UagNSSBQjw==",
      "dependencies": {
        "@stacksjs/ts-avif": "^0.1.0",
        "@stacksjs/ts-bmp": "^0.1.0",
        "@stacksjs/ts-png": "^0.1.2",
        "@stacksjs/ts-svg": "^0.1.1",
        "@stacksjs/ts-webp": "^0.1.2",
        "ts-gif": "^0.1.2",
        "ts-jpeg": "^0.3.1"
      },
      "bin": {
        "imgx": "./dist/bin/cli.js"
      }
    },
    "ts-pantry@0.11.34": {
      "name": "ts-pantry",
      "version": "0.11.34",
      "source": "npm",
      "resolved": "https://registry.npmjs.org/ts-pantry/-/ts-pantry-0.11.34.tgz",
      "integrity": "sha512-u5XBPe2p+uYuTcaNbT4Z9UPUU8Z2aoaJOBidpNs2Jsh+PPvySUGM/4+vPfqTGuuk0cIMfQchSQ0wIkVFIm42gg==",
      "bin": {
        "ts-pantry": "./dist/bin/cli.js"
      }
    },
    "ts-syntax-highlighter@0.2.14": {
      "name": "ts-syntax-highlighter",
      "version": "0.2.14",
      "source": "npm",
      "resolved": "https://registry.npmjs.org/ts-syntax-highlighter/-/ts-syntax-highlighter-0.2.14.tgz",
      "integrity": "sha512-xujx4yJ4Rlhwdstopq6KVYs78K5nSfkpUk/GRK/InwmnJ/SN+E+hUSuSvQZz922xlXYe1SFBtzXxQXbpRt46fw==",
      "bin": {
        "ts-syntax-highlighter": "./dist/bin/cli.js"
      }
    }
  }
}
